
Microsoft Visual Studio Solution File, Format Version 12.00
# Visual Studio 15
VisualStudioVersion = 15.0.28307.572
MinimumVisualStudioVersion = 10.0.40219.1
Project("{FAE04EC0-301F-11D3-BF4B-00C04F79EFBC}") = "WebApp", "WebApp\WebApp.csproj", "{D9BC8026-C7BE-489A-A170-7D960DBDF8B4}"
EndProject
Project("{FAE04EC0-301F-11D3-BF4B-00C04F79EFBC}") = "Contratos", "Contratos\Contratos.csproj", "{AFEE4439-32EF-4973-B607-8432A2473F2E}"
EndProject
Project("{FAE04EC0-301F-11D3-BF4B-00C04F79EFBC}") = "Mocks", "Mocks\Mocks.csproj", "{C71DB83D-C94E-46AF-8579-B3DFFE048A6C}"
EndProject
Global
	GlobalSection(SolutionConfigurationPlatforms) = preSolution
		Debug|Any CPU = Debug|Any CPU
		Release|Any CPU = Release|Any CPU
	EndGlobalSection
	GlobalSection(ProjectConfigurationPlatforms) = postSolution
		{D9BC8026-C7BE-489A-A170-7D960DBDF8B4}.Debug|Any CPU.ActiveCfg = Debug|Any CPU
		{D9BC8026-C7BE-489A-A170-7D960DBDF8B4}.Debug|Any CPU.Build.0 = Debug|Any CPU
		{D9BC8026-C7BE-489A-A170-7D960DBDF8B4}.Release|Any CPU.ActiveCfg = Release|Any CPU
		{D9BC8026-C7BE-489A-A170-7D960DBDF8B4}.Release|Any CPU.Build.0 = Release|Any CPU
		{AFEE4439-32EF-4973-B607-8432A2473F2E}.Debug|Any CPU.ActiveCfg = Debug|Any CPU
		{AFEE4439-32EF-4973-B607-8432A2473F2E}.Debug|Any CPU.Build.0 = Debug|Any CPU
		{AFEE4439-32EF-4973-B607-8432A2473F2E}.Release|Any CPU.ActiveCfg = Release|Any CPU
		{AFEE4439-32EF-4973-B607-8432A2473F2E}.Release|Any CPU.Build.0 = Release|Any CPU
		{C71DB83D-C94E-46AF-8579-B3DFFE048A6C}.Debug|Any CPU.ActiveCfg = Debug|Any CPU
		{C71DB83D-C94E-46AF-8579-B3DFFE048A6C}.Debug|Any CPU.Build.0 = Debug|Any CPU
		{C71DB83D-C94E-46AF-8579-B3DFFE048A6C}.Release|Any CPU.ActiveCfg = Release|Any CPU
		{C71DB83D-C94E-46AF-8579-B3DFFE048A6C}.Release|Any CPU.Build.0 = Release|Any CPU
	EndGlobalSection
	GlobalSection(SolutionProperties) = preSolution
		HideSolutionNode = FALSE
	EndGlobalSection
	GlobalSection(ExtensibilityGlobals) = postSolution
		SolutionGuid = {35F7A887-BAA0-485C-B32A-43B2DEFAEE81}
	EndGlobalSection
EndGlobal
